// !$*UTF8*$!
{
	archiveVersion = 1;
	classes = {
	};
	objectVersion = 56;
	objects = {

/* Begin PBXBuildFile section */
		600A3D992BC3C249007E96DC /* CombineExt in Frameworks */ = {isa = PBXBuildFile; productRef = 600A3D982BC3C249007E96DC /* CombineExt */; };
		600A3D9D2BC3C311007E96DC /* HistoryDetailScene.swift in Sources */ = {isa = PBXBuildFile; fileRef = 600A3D9C2BC3C311007E96DC /* HistoryDetailScene.swift */; };
		600A3D9F2BC3C31A007E96DC /* HistoryDetailViewModel.swift in Sources */ = {isa = PBXBuildFile; fileRef = 600A3D9E2BC3C31A007E96DC /* HistoryDetailViewModel.swift */; };
		600A3DA42BC3CED0007E96DC /* detail-dummy-inprogress.json in Resources */ = {isa = PBXBuildFile; fileRef = 600A3DA32BC3CED0007E96DC /* detail-dummy-inprogress.json */; };
		600A3DA62BC3CEE9007E96DC /* detail-dummy-failed.json in Resources */ = {isa = PBXBuildFile; fileRef = 600A3DA52BC3CEE9007E96DC /* detail-dummy-failed.json */; };
		600A3DA82BC3CEF4007E96DC /* detail-dummy-success.json in Resources */ = {isa = PBXBuildFile; fileRef = 600A3DA72BC3CEF4007E96DC /* detail-dummy-success.json */; };
		600A3DAA2BC3CF21007E96DC /* DummyJSON.swift in Sources */ = {isa = PBXBuildFile; fileRef = 600A3DA92BC3CF21007E96DC /* DummyJSON.swift */; };
		600A3DAD2BC3D13A007E96DC /* HistoryDetailModel.swift in Sources */ = {isa = PBXBuildFile; fileRef = 600A3DAC2BC3D13A007E96DC /* HistoryDetailModel.swift */; };
		60C580F02BBEC42600F49357 /* swiftui_mv_state_patternApp.swift in Sources */ = {isa = PBXBuildFile; fileRef = 60C580EF2BBEC42600F49357 /* swiftui_mv_state_patternApp.swift */; };
		60C580F22BBEC42600F49357 /* ContentView.swift in Sources */ = {isa = PBXBuildFile; fileRef = 60C580F12BBEC42600F49357 /* ContentView.swift */; };
		60C580F42BBEC42700F49357 /* Assets.xcassets in Resources */ = {isa = PBXBuildFile; fileRef = 60C580F32BBEC42700F49357 /* Assets.xcassets */; };
		60C580F82BBEC42700F49357 /* Preview Assets.xcassets in Resources */ = {isa = PBXBuildFile; fileRef = 60C580F72BBEC42700F49357 /* Preview Assets.xcassets */; };
		60C581052BBEC92100F49357 /* HttpClients.swift in Sources */ = {isa = PBXBuildFile; fileRef = 60C581042BBEC92100F49357 /* HttpClients.swift */; };
		60C581072BBECBFC00F49357 /* Model.swift in Sources */ = {isa = PBXBuildFile; fileRef = 60C581062BBECBFC00F49357 /* Model.swift */; };
		60C581092BBECC2000F49357 /* CoffeeOrder.swift in Sources */ = {isa = PBXBuildFile; fileRef = 60C581082BBECC2000F49357 /* CoffeeOrder.swift */; };
		60C5810B2BBECC7100F49357 /* APIs.swift in Sources */ = {isa = PBXBuildFile; fileRef = 60C5810A2BBECC7100F49357 /* APIs.swift */; };
		60C5810F2BBECFD800F49357 /* CoffeeOrderListScreen.swift in Sources */ = {isa = PBXBuildFile; fileRef = 60C5810E2BBECFD800F49357 /* CoffeeOrderListScreen.swift */; };
		60C581112BBED5B600F49357 /* RoutePath.swift in Sources */ = {isa = PBXBuildFile; fileRef = 60C581102BBED5B600F49357 /* RoutePath.swift */; };
		60C581152BBEDB1100F49357 /* AddOrderScreen.swift in Sources */ = {isa = PBXBuildFile; fileRef = 60C581142BBEDB1100F49357 /* AddOrderScreen.swift */; };
/* End PBXBuildFile section */

/* Begin PBXFileReference section */
		600A3D9C2BC3C311007E96DC /* HistoryDetailScene.swift */ = {isa = PBXFileReference; lastKnownFileType = sourcecode.swift; path = HistoryDetailScene.swift; sourceTree = "<group>"; };
		600A3D9E2BC3C31A007E96DC /* HistoryDetailViewModel.swift */ = {isa = PBXFileReference; lastKnownFileType = sourcecode.swift; path = HistoryDetailViewModel.swift; sourceTree = "<group>"; };
		600A3DA32BC3CED0007E96DC /* detail-dummy-inprogress.json */ = {isa = PBXFileReference; lastKnownFileType = text.json; path = "detail-dummy-inprogress.json"; sourceTree = "<group>"; };
		600A3DA52BC3CEE9007E96DC /* detail-dummy-failed.json */ = {isa = PBXFileReference; lastKnownFileType = text.json; path = "detail-dummy-failed.json"; sourceTree = "<group>"; };
		600A3DA72BC3CEF4007E96DC /* detail-dummy-success.json */ = {isa = PBXFileReference; lastKnownFileType = text.json; path = "detail-dummy-success.json"; sourceTree = "<group>"; };
		600A3DA92BC3CF21007E96DC /* DummyJSON.swift */ = {isa = PBXFileReference; lastKnownFileType = sourcecode.swift; path = DummyJSON.swift; sourceTree = "<group>"; };
		600A3DAC2BC3D13A007E96DC /* HistoryDetailModel.swift */ = {isa = PBXFileReference; lastKnownFileType = sourcecode.swift; path = HistoryDetailModel.swift; sourceTree = "<group>"; };
		60C580EC2BBEC42600F49357 /* swiftui-mv-state-pattern.app */ = {isa = PBXFileReference; explicitFileType = wrapper.application; includeInIndex = 0; path = "swiftui-mv-state-pattern.app"; sourceTree = BUILT_PRODUCTS_DIR; };
		60C580EF2BBEC42600F49357 /* swiftui_mv_state_patternApp.swift */ = {isa = PBXFileReference; lastKnownFileType = sourcecode.swift; path = swiftui_mv_state_patternApp.swift; sourceTree = "<group>"; };
		60C580F12BBEC42600F49357 /* ContentView.swift */ = {isa = PBXFileReference; lastKnownFileType = sourcecode.swift; path = ContentView.swift; sourceTree = "<group>"; };
		60C580F32BBEC42700F49357 /* Assets.xcassets */ = {isa = PBXFileReference; lastKnownFileType = folder.assetcatalog; path = Assets.xcassets; sourceTree = "<group>"; };
		60C580F52BBEC42700F49357 /* swiftui_mv_state_pattern.entitlements */ = {isa = PBXFileReference; lastKnownFileType = text.plist.entitlements; path = swiftui_mv_state_pattern.entitlements; sourceTree = "<group>"; };
		60C580F72BBEC42700F49357 /* Preview Assets.xcassets */ = {isa = PBXFileReference; lastKnownFileType = folder.assetcatalog; path = "Preview Assets.xcassets"; sourceTree = "<group>"; };
		60C581042BBEC92100F49357 /* HttpClients.swift */ = {isa = PBXFileReference; lastKnownFileType = sourcecode.swift; path = HttpClients.swift; sourceTree = "<group>"; };
		60C581062BBECBFC00F49357 /* Model.swift */ = {isa = PBXFileReference; lastKnownFileType = sourcecode.swift; path = Model.swift; sourceTree = "<group>"; };
		60C581082BBECC2000F49357 /* CoffeeOrder.swift */ = {isa = PBXFileReference; lastKnownFileType = sourcecode.swift; path = CoffeeOrder.swift; sourceTree = "<group>"; };
		60C5810A2BBECC7100F49357 /* APIs.swift */ = {isa = PBXFileReference; lastKnownFileType = sourcecode.swift; path = APIs.swift; sourceTree = "<group>"; };
		60C5810E2BBECFD800F49357 /* CoffeeOrderListScreen.swift */ = {isa = PBXFileReference; lastKnownFileType = sourcecode.swift; path = CoffeeOrderListScreen.swift; sourceTree = "<group>"; };
		60C581102BBED5B600F49357 /* RoutePath.swift */ = {isa = PBXFileReference; lastKnownFileType = sourcecode.swift; path = RoutePath.swift; sourceTree = "<group>"; };
		60C581142BBEDB1100F49357 /* AddOrderScreen.swift */ = {isa = PBXFileReference; lastKnownFileType = sourcecode.swift; path = AddOrderScreen.swift; sourceTree = "<group>"; };
/* End PBXFileReference section */

/* Begin PBXFrameworksBuildPhase section */
		60C580E92BBEC42600F49357 /* Frameworks */ = {
			isa = PBXFrameworksBuildPhase;
			buildActionMask = 2147483647;
			files = (
				600A3D992BC3C249007E96DC /* CombineExt in Frameworks */,
			);
			runOnlyForDeploymentPostprocessing = 0;
		};
/* End PBXFrameworksBuildPhase section */

/* Begin PBXGroup section */
		600A3D9A2BC3C290007E96DC /* GridserveStyle */ = {
			isa = PBXGroup;
			children = (
				600A3DAE2BC3D1C1007E96DC /* Data */,
				600A3DA02BC3C32B007E96DC /* Src */,
				600A3D9B2BC3C2CF007E96DC /* HistoryDetail */,
			);
			path = GridserveStyle;
			sourceTree = "<group>";
		};
		600A3D9B2BC3C2CF007E96DC /* HistoryDetail */ = {
			isa = PBXGroup;
			children = (
				600A3D9C2BC3C311007E96DC /* HistoryDetailScene.swift */,
				600A3D9E2BC3C31A007E96DC /* HistoryDetailViewModel.swift */,
			);
			path = HistoryDetail;
			sourceTree = "<group>";
		};
		600A3DA02BC3C32B007E96DC /* Src */ = {
			isa = PBXGroup;
			children = (
				600A3DA32BC3CED0007E96DC /* detail-dummy-inprogress.json */,
				600A3DA52BC3CEE9007E96DC /* detail-dummy-failed.json */,
				600A3DA72BC3CEF4007E96DC /* detail-dummy-success.json */,
				600A3DA92BC3CF21007E96DC /* DummyJSON.swift */,
			);
			path = Src;
			sourceTree = "<group>";
		};
		600A3DAE2BC3D1C1007E96DC /* Data */ = {
			isa = PBXGroup;
			children = (
				600A3DAC2BC3D13A007E96DC /* HistoryDetailModel.swift */,
			);
			path = Data;
			sourceTree = "<group>";
		};
		60C580E32BBEC42600F49357 = {
			isa = PBXGroup;
			children = (
				60C580EE2BBEC42600F49357 /* swiftui-mv-state-pattern */,
				60C580ED2BBEC42600F49357 /* Products */,
			);
			sourceTree = "<group>";
		};
		60C580ED2BBEC42600F49357 /* Products */ = {
			isa = PBXGroup;
			children = (
				60C580EC2BBEC42600F49357 /* swiftui-mv-state-pattern.app */,
			);
			name = Products;
			sourceTree = "<group>";
		};
		60C580EE2BBEC42600F49357 /* swiftui-mv-state-pattern */ = {
			isa = PBXGroup;
			children = (
				600A3D9A2BC3C290007E96DC /* GridserveStyle */,
				60C581022BBEC87B00F49357 /* Models */,
				60C580FE2BBEC61D00F49357 /* Screens */,
				60C581012BBEC65300F49357 /* Utils */,
				60C581032BBEC90600F49357 /* Clients */,
				60C581002BBEC63700F49357 /* App */,
				60C580F32BBEC42700F49357 /* Assets.xcassets */,
				60C580F52BBEC42700F49357 /* swiftui_mv_state_pattern.entitlements */,
				60C580F62BBEC42700F49357 /* Preview Content */,
			);
			path = "swiftui-mv-state-pattern";
			sourceTree = "<group>";
		};
		60C580F62BBEC42700F49357 /* Preview Content */ = {
			isa = PBXGroup;
			children = (
				60C580F72BBEC42700F49357 /* Preview Assets.xcassets */,
			);
			path = "Preview Content";
			sourceTree = "<group>";
		};
		60C580FE2BBEC61D00F49357 /* Screens */ = {
			isa = PBXGroup;
			children = (
				60C5810E2BBECFD800F49357 /* CoffeeOrderListScreen.swift */,
				60C581142BBEDB1100F49357 /* AddOrderScreen.swift */,
			);
			path = Screens;
			sourceTree = "<group>";
		};
		60C581002BBEC63700F49357 /* App */ = {
			isa = PBXGroup;
			children = (
				60C580EF2BBEC42600F49357 /* swiftui_mv_state_patternApp.swift */,
				60C580F12BBEC42600F49357 /* ContentView.swift */,
			);
			path = App;
			sourceTree = "<group>";
		};
		60C581012BBEC65300F49357 /* Utils */ = {
			isa = PBXGroup;
			children = (
				60C5810A2BBECC7100F49357 /* APIs.swift */,
				60C581102BBED5B600F49357 /* RoutePath.swift */,
			);
			path = Utils;
			sourceTree = "<group>";
		};
		60C581022BBEC87B00F49357 /* Models */ = {
			isa = PBXGroup;
			children = (
				60C581062BBECBFC00F49357 /* Model.swift */,
				60C581082BBECC2000F49357 /* CoffeeOrder.swift */,
			);
			path = Models;
			sourceTree = "<group>";
		};
		60C581032BBEC90600F49357 /* Clients */ = {
			isa = PBXGroup;
			children = (
				60C581042BBEC92100F49357 /* HttpClients.swift */,
			);
			path = Clients;
			sourceTree = "<group>";
		};
/* End PBXGroup section */

/* Begin PBXNativeTarget section */
		60C580EB2BBEC42600F49357 /* swiftui-mv-state-pattern */ = {
			isa = PBXNativeTarget;
			buildConfigurationList = 60C580FB2BBEC42700F49357 /* Build configuration list for PBXNativeTarget "swiftui-mv-state-pattern" */;
			buildPhases = (
				60C580E82BBEC42600F49357 /* Sources */,
				60C580E92BBEC42600F49357 /* Frameworks */,
				60C580EA2BBEC42600F49357 /* Resources */,
			);
			buildRules = (
			);
			dependencies = (
			);
			name = "swiftui-mv-state-pattern";
			packageProductDependencies = (
				600A3D982BC3C249007E96DC /* CombineExt */,
			);
			productName = "swiftui-mv-state-pattern";
			productReference = 60C580EC2BBEC42600F49357 /* swiftui-mv-state-pattern.app */;
			productType = "com.apple.product-type.application";
		};
/* End PBXNativeTarget section */

/* Begin PBXProject section */
		60C580E42BBEC42600F49357 /* Project object */ = {
			isa = PBXProject;
			attributes = {
				BuildIndependentTargetsInParallel = 1;
				LastSwiftUpdateCheck = 1530;
				LastUpgradeCheck = 1530;
				TargetAttributes = {
					60C580EB2BBEC42600F49357 = {
						CreatedOnToolsVersion = 15.3;
					};
				};
			};
			buildConfigurationList = 60C580E72BBEC42600F49357 /* Build configuration list for PBXProject "swiftui-mv-state-pattern" */;
			compatibilityVersion = "Xcode 14.0";
			developmentRegion = en;
			hasScannedForEncodings = 0;
			knownRegions = (
				en,
				Base,
			);
			mainGroup = 60C580E32BBEC42600F49357;
			packageReferences = (
				600A3D972BC3C249007E96DC /* XCRemoteSwiftPackageReference "CombineExt" */,
			);
			productRefGroup = 60C580ED2BBEC42600F49357 /* Products */;
			projectDirPath = "";
			projectRoot = "";
			targets = (
				60C580EB2BBEC42600F49357 /* swiftui-mv-state-pattern */,
			);
		};
/* End PBXProject section */

/* Begin PBXResourcesBuildPhase section */
		60C580EA2BBEC42600F49357 /* Resources */ = {
			isa = PBXResourcesBuildPhase;
			buildActionMask = 2147483647;
			files = (
				600A3DA42BC3CED0007E96DC /* detail-dummy-inprogress.json in Resources */,
				600A3DA82BC3CEF4007E96DC /* detail-dummy-success.json in Resources */,
				60C580F82BBEC42700F49357 /* Preview Assets.xcassets in Resources */,
				600A3DA62BC3CEE9007E96DC /* detail-dummy-failed.json in Resources */,
				60C580F42BBEC42700F49357 /* Assets.xcassets in Resources */,
			);
			runOnlyForDeploymentPostprocessing = 0;
		};
/* End PBXResourcesBuildPhase section */

/* Begin PBXSourcesBuildPhase section */
		60C580E82BBEC42600F49357 /* Sources */ = {
			isa = PBXSourcesBuildPhase;
			buildActionMask = 2147483647;
			files = (
				600A3DAA2BC3CF21007E96DC /* DummyJSON.swift in Sources */,
				60C580F22BBEC42600F49357 /* ContentView.swift in Sources */,
				60C580F02BBEC42600F49357 /* swiftui_mv_state_patternApp.swift in Sources */,
				60C581052BBEC92100F49357 /* HttpClients.swift in Sources */,
				60C581092BBECC2000F49357 /* CoffeeOrder.swift in Sources */,
				60C5810B2BBECC7100F49357 /* APIs.swift in Sources */,
				60C581152BBEDB1100F49357 /* AddOrderScreen.swift in Sources */,
				60C5810F2BBECFD800F49357 /* CoffeeOrderListScreen.swift in Sources */,
				60C581112BBED5B600F49357 /* RoutePath.swift in Sources */,
				600A3D9D2BC3C311007E96DC /* HistoryDetailScene.swift in Sources */,
				600A3DAD2BC3D13A007E96DC /* HistoryDetailModel.swift in Sources */,
				60C581072BBECBFC00F49357 /* Model.swift in Sources */,
				600A3D9F2BC3C31A007E96DC /* HistoryDetailViewModel.swift in Sources */,
			);
			runOnlyForDeploymentPostprocessing = 0;
		};
/* End PBXSourcesBuildPhase section */

/* Begin XCBuildConfiguration section */
		60C580F92BBEC42700F49357 /* Debug */ = {
			isa = XCBuildConfiguration;
			buildSettings = {
				ALWAYS_SEARCH_USER_PATHS = NO;
				ASSETCATALOG_COMPILER_GENERATE_SWIFT_ASSET_SYMBOL_EXTENSIONS = YES;
				CLANG_ANALYZER_NONNULL = YES;
				CLANG_ANALYZER_NUMBER_OBJECT_CONVERSION = YES_AGGRESSIVE;
				CLANG_CXX_LANGUAGE_STANDARD = "gnu++20";
				CLANG_ENABLE_MODULES = YES;
				CLANG_ENABLE_OBJC_ARC = YES;
				CLANG_ENABLE_OBJC_WEAK = YES;
				CLANG_WARN_BLOCK_CAPTURE_AUTORELEASING = YES;
				CLANG_WARN_BOOL_CONVERSION = YES;
				CLANG_WARN_COMMA = YES;
				CLANG_WARN_CONSTANT_CONVERSION = YES;
				CLANG_WARN_DEPRECATED_OBJC_IMPLEMENTATIONS = YES;
				CLANG_WARN_DIRECT_OBJC_ISA_USAGE = YES_ERROR;
				CLANG_WARN_DOCUMENTATION_COMMENTS = YES;
				CLANG_WARN_EMPTY_BODY = YES;
				CLANG_WARN_ENUM_CONVERSION = YES;
				CLANG_WARN_INFINITE_RECURSION = YES;
				CLANG_WARN_INT_CONVERSION = YES;
				CLANG_WARN_NON_LITERAL_NULL_CONVERSION = YES;
				CLANG_WARN_OBJC_IMPLICIT_RETAIN_SELF = YES;
				CLANG_WARN_OBJC_LITERAL_CONVERSION = YES;
				CLANG_WARN_OBJC_ROOT_CLASS = YES_ERROR;
				CLANG_WARN_QUOTED_INCLUDE_IN_FRAMEWORK_HEADER = YES;
				CLANG_WARN_RANGE_LOOP_ANALYSIS = YES;
				CLANG_WARN_STRICT_PROTOTYPES = YES;
				CLANG_WARN_SUSPICIOUS_MOVE = YES;
				CLANG_WARN_UNGUARDED_AVAILABILITY = YES_AGGRESSIVE;
				CLANG_WARN_UNREACHABLE_CODE = YES;
				CLANG_WARN__DUPLICATE_METHOD_MATCH = YES;
				COPY_PHASE_STRIP = NO;
				DEBUG_INFORMATION_FORMAT = dwarf;
				ENABLE_STRICT_OBJC_MSGSEND = YES;
				ENABLE_TESTABILITY = YES;
				ENABLE_USER_SCRIPT_SANDBOXING = YES;
				GCC_C_LANGUAGE_STANDARD = gnu17;
				GCC_DYNAMIC_NO_PIC = NO;
				GCC_NO_COMMON_BLOCKS = YES;
				GCC_OPTIMIZATION_LEVEL = 0;
				GCC_PREPROCESSOR_DEFINITIONS = (
					"DEBUG=1",
					"$(inherited)",
				);
				GCC_WARN_64_TO_32_BIT_CONVERSION = YES;
				GCC_WARN_ABOUT_RETURN_TYPE = YES_ERROR;
				GCC_WARN_UNDECLARED_SELECTOR = YES;
				GCC_WARN_UNINITIALIZED_AUTOS = YES_AGGRESSIVE;
				GCC_WARN_UNUSED_FUNCTION = YES;
				GCC_WARN_UNUSED_VARIABLE = YES;
				LOCALIZATION_PREFERS_STRING_CATALOGS = YES;
				MTL_ENABLE_DEBUG_INFO = INCLUDE_SOURCE;
				MTL_FAST_MATH = YES;
				ONLY_ACTIVE_ARCH = YES;
				SWIFT_ACTIVE_COMPILATION_CONDITIONS = "DEBUG $(inherited)";
				SWIFT_OPTIMIZATION_LEVEL = "-Onone";
			};
			name = Debug;
		};
		60C580FA2BBEC42700F49357 /* Release */ = {
			isa = XCBuildConfiguration;
			buildSettings = {
				ALWAYS_SEARCH_USER_PATHS = NO;
				ASSETCATALOG_COMPILER_GENERATE_SWIFT_ASSET_SYMBOL_EXTENSIONS = YES;
				CLANG_ANALYZER_NONNULL = YES;
				CLANG_ANALYZER_NUMBER_OBJECT_CONVERSION = YES_AGGRESSIVE;
				CLANG_CXX_LANGUAGE_STANDARD = "gnu++20";
				CLANG_ENABLE_MODULES = YES;
				CLANG_ENABLE_OBJC_ARC = YES;
				CLANG_ENABLE_OBJC_WEAK = YES;
				CLANG_WARN_BLOCK_CAPTURE_AUTORELEASING = YES;
				CLANG_WARN_BOOL_CONVERSION = YES;
				CLANG_WARN_COMMA = YES;
				CLANG_WARN_CONSTANT_CONVERSION = YES;
				CLANG_WARN_DEPRECATED_OBJC_IMPLEMENTATIONS = YES;
				CLANG_WARN_DIRECT_OBJC_ISA_USAGE = YES_ERROR;
				CLANG_WARN_DOCUMENTATION_COMMENTS = YES;
				CLANG_WARN_EMPTY_BODY = YES;
				CLANG_WARN_ENUM_CONVERSION = YES;
				CLANG_WARN_INFINITE_RECURSION = YES;
				CLANG_WARN_INT_CONVERSION = YES;
				CLANG_WARN_NON_LITERAL_NULL_CONVERSION = YES;
				CLANG_WARN_OBJC_IMPLICIT_RETAIN_SELF = YES;
				CLANG_WARN_OBJC_LITERAL_CONVERSION = YES;
				CLANG_WARN_OBJC_ROOT_CLASS = YES_ERROR;
				CLANG_WARN_QUOTED_INCLUDE_IN_FRAMEWORK_HEADER = YES;
				CLANG_WARN_RANGE_LOOP_ANALYSIS = YES;
				CLANG_WARN_STRICT_PROTOTYPES = YES;
				CLANG_WARN_SUSPICIOUS_MOVE = YES;
				CLANG_WARN_UNGUARDED_AVAILABILITY = YES_AGGRESSIVE;
				CLANG_WARN_UNREACHABLE_CODE = YES;
				CLANG_WARN__DUPLICATE_METHOD_MATCH = YES;
				COPY_PHASE_STRIP = NO;
				DEBUG_INFORMATION_FORMAT = "dwarf-with-dsym";
				ENABLE_NS_ASSERTIONS = NO;
				ENABLE_STRICT_OBJC_MSGSEND = YES;
				ENABLE_USER_SCRIPT_SANDBOXING = YES;
				GCC_C_LANGUAGE_STANDARD = gnu17;
				GCC_NO_COMMON_BLOCKS = YES;
				GCC_WARN_64_TO_32_BIT_CONVERSION = YES;
				GCC_WARN_ABOUT_RETURN_TYPE = YES_ERROR;
				GCC_WARN_UNDECLARED_SELECTOR = YES;
				GCC_WARN_UNINITIALIZED_AUTOS = YES_AGGRESSIVE;
				GCC_WARN_UNUSED_FUNCTION = YES;
				GCC_WARN_UNUSED_VARIABLE = YES;
				LOCALIZATION_PREFERS_STRING_CATALOGS = YES;
				MTL_ENABLE_DEBUG_INFO = NO;
				MTL_FAST_MATH = YES;
				SWIFT_COMPILATION_MODE = wholemodule;
			};
			name = Release;
		};
		60C580FC2BBEC42700F49357 /* Debug */ = {
			isa = XCBuildConfiguration;
			buildSettings = {
				ASSETCATALOG_COMPILER_APPICON_NAME = AppIcon;
				ASSETCATALOG_COMPILER_GLOBAL_ACCENT_COLOR_NAME = AccentColor;
				CODE_SIGN_ENTITLEMENTS = "swiftui-mv-state-pattern/swiftui_mv_state_pattern.entitlements";
				CODE_SIGN_STYLE = Automatic;
				CURRENT_PROJECT_VERSION = 1;
				DEVELOPMENT_ASSET_PATHS = "\"swiftui-mv-state-pattern/Preview Content\"";
				DEVELOPMENT_TEAM = NUP9G5V5V5;
				ENABLE_HARDENED_RUNTIME = YES;
				ENABLE_PREVIEWS = YES;
				GENERATE_INFOPLIST_FILE = YES;
				INFOPLIST_KEY_CFBundleDisplayName = "MV State Pattern Example";
				"INFOPLIST_KEY_UIApplicationSceneManifest_Generation[sdk=iphoneos*]" = YES;
				"INFOPLIST_KEY_UIApplicationSceneManifest_Generation[sdk=iphonesimulator*]" = YES;
				"INFOPLIST_KEY_UIApplicationSupportsIndirectInputEvents[sdk=iphoneos*]" = YES;
				"INFOPLIST_KEY_UIApplicationSupportsIndirectInputEvents[sdk=iphonesimulator*]" = YES;
				"INFOPLIST_KEY_UILaunchScreen_Generation[sdk=iphoneos*]" = YES;
				"INFOPLIST_KEY_UILaunchScreen_Generation[sdk=iphonesimulator*]" = YES;
				"INFOPLIST_KEY_UIStatusBarStyle[sdk=iphoneos*]" = UIStatusBarStyleDefault;
				"INFOPLIST_KEY_UIStatusBarStyle[sdk=iphonesimulator*]" = UIStatusBarStyleDefault;
				INFOPLIST_KEY_UISupportedInterfaceOrientations_iPad = "UIInterfaceOrientationPortrait UIInterfaceOrientationPortraitUpsideDown UIInterfaceOrientationLandscapeLeft UIInterfaceOrientationLandscapeRight";
				INFOPLIST_KEY_UISupportedInterfaceOrientations_iPhone = "UIInterfaceOrientationPortrait UIInterfaceOrientationLandscapeLeft UIInterfaceOrientationLandscapeRight";
				IPHONEOS_DEPLOYMENT_TARGET = 17.4;
				LD_RUNPATH_SEARCH_PATHS = "@executable_path/Frameworks";
				"LD_RUNPATH_SEARCH_PATHS[sdk=macosx*]" = "@executable_path/../Frameworks";
				MACOSX_DEPLOYMENT_TARGET = 14.3;
				MARKETING_VERSION = 1.0;
				PRODUCT_BUNDLE_IDENTIFIER = "leowirasanto.swiftui-mv-state-pattern";
				PRODUCT_NAME = "$(TARGET_NAME)";
				SDKROOT = auto;
				SUPPORTED_PLATFORMS = "iphoneos iphonesimulator";
				SUPPORTS_MACCATALYST = NO;
				SWIFT_EMIT_LOC_STRINGS = YES;
				SWIFT_VERSION = 5.0;
				TARGETED_DEVICE_FAMILY = 1;
			};
			name = Debug;
		};
		60C580FD2BBEC42700F49357 /* Release */ = {
			isa = XCBuildConfiguration;
			buildSettings = {
				ASSETCATALOG_COMPILER_APPICON_NAME = AppIcon;
				ASSETCATALOG_COMPILER_GLOBAL_ACCENT_COLOR_NAME = AccentColor;
				CODE_SIGN_ENTITLEMENTS = "swiftui-mv-state-pattern/swiftui_mv_state_pattern.entitlements";
				CODE_SIGN_STYLE = Automatic;
				CURRENT_PROJECT_VERSION = 1;
				DEVELOPMENT_ASSET_PATHS = "\"swiftui-mv-state-pattern/Preview Content\"";
				DEVELOPMENT_TEAM = NUP9G5V5V5;
				ENABLE_HARDENED_RUNTIME = YES;
				ENABLE_PREVIEWS = YES;
				GENERATE_INFOPLIST_FILE = YES;
				INFOPLIST_KEY_CFBundleDisplayName = "MV State Pattern Example";
				"INFOPLIST_KEY_UIApplicationSceneManifest_Generation[sdk=iphoneos*]" = YES;
				"INFOPLIST_KEY_UIApplicationSceneManifest_Generation[sdk=iphonesimulator*]" = YES;
				"INFOPLIST_KEY_UIApplicationSupportsIndirectInputEvents[sdk=iphoneos*]" = YES;
				"INFOPLIST_KEY_UIApplicationSupportsIndirectInputEvents[sdk=iphonesimulator*]" = YES;
				"INFOPLIST_KEY_UILaunchScreen_Generation[sdk=iphoneos*]" = YES;
				"INFOPLIST_KEY_UILaunchScreen_Generation[sdk=iphonesimulator*]" = YES;
				"INFOPLIST_KEY_UIStatusBarStyle[sdk=iphoneos*]" = UIStatusBarStyleDefault;
				"INFOPLIST_KEY_UIStatusBarStyle[sdk=iphonesimulator*]" = UIStatusBarStyleDefault;
				INFOPLIST_KEY_UISupportedInterfaceOrientations_iPad = "UIInterfaceOrientationPortrait UIInterfaceOrientationPortraitUpsideDown UIInterfaceOrientationLandscapeLeft UIInterfaceOrientationLandscapeRight";
				INFOPLIST_KEY_UISupportedInterfaceOrientations_iPhone = "UIInterfaceOrientationPortrait UIInterfaceOrientationLandscapeLeft UIInterfaceOrientationLandscapeRight";
				IPHONEOS_DEPLOYMENT_TARGET = 17.4;
				LD_RUNPATH_SEARCH_PATHS = "@executable_path/Frameworks";
				"LD_RUNPATH_SEARCH_PATHS[sdk=macosx*]" = "@executable_path/../Frameworks";
				MACOSX_DEPLOYMENT_TARGET = 14.3;
				MARKETING_VERSION = 1.0;
				PRODUCT_BUNDLE_IDENTIFIER = "leowirasanto.swiftui-mv-state-pattern";
				PRODUCT_NAME = "$(TARGET_NAME)";
				SDKROOT = auto;
				SUPPORTED_PLATFORMS = "iphoneos iphonesimulator";
				SUPPORTS_MACCATALYST = NO;
				SWIFT_EMIT_LOC_STRINGS = YES;
				SWIFT_VERSION = 5.0;
				TARGETED_DEVICE_FAMILY = 1;
			};
			name = Release;
		};
/* End XCBuildConfiguration section */

/* Begin XCConfigurationList section */
		60C580E72BBEC42600F49357 /* Build configuration list for PBXProject "swiftui-mv-state-pattern" */ = {
			isa = XCConfigurationList;
			buildConfigurations = (
				60C580F92BBEC42700F49357 /* Debug */,
				60C580FA2BBEC42700F49357 /* Release */,
			);
			defaultConfigurationIsVisible = 0;
			defaultConfigurationName = Release;
		};
		60C580FB2BBEC42700F49357 /* Build configuration list for PBXNativeTarget "swiftui-mv-state-pattern" */ = {
			isa = XCConfigurationList;
			buildConfigurations = (
				60C580FC2BBEC42700F49357 /* Debug */,
				60C580FD2BBEC42700F49357 /* Release */,
			);
			defaultConfigurationIsVisible = 0;
			defaultConfigurationName = Release;
		};
/* End XCConfigurationList section */

/* Begin XCRemoteSwiftPackageReference section */
		600A3D972BC3C249007E96DC /* XCRemoteSwiftPackageReference "CombineExt" */ = {
			isa = XCRemoteSwiftPackageReference;
			repositoryURL = "https://github.com/CombineCommunity/CombineExt.git";
			requirement = {
				kind = upToNextMajorVersion;
				minimumVersion = 1.8.1;
			};
		};
/* End XCRemoteSwiftPackageReference section */

/* Begin XCSwiftPackageProductDependency section */
		600A3D982BC3C249007E96DC /* CombineExt */ = {
			isa = XCSwiftPackageProductDependency;
			package = 600A3D972BC3C249007E96DC /* XCRemoteSwiftPackageReference "CombineExt" */;
			productName = CombineExt;
		};
/* End XCSwiftPackageProductDependency section */
	};
	rootObject = 60C580E42BBEC42600F49357 /* Project object */;
}
